// !$*UTF8*$!
{
	archiveVersion = 1;
	classes = {
	};
	objectVersion = 46;
	objects = {

/* Begin PBXBuildFile section */
		6D07F8621C308D47009A77ED /* imgui_impl_glfw_gl3.cpp in Sources */ = {isa = PBXBuildFile; fileRef = 6D07F85F1C308D47009A77ED /* imgui_impl_glfw_gl3.cpp */; };
		6D07F8631C308D47009A77ED /* objviewer.cpp in Sources */ = {isa = PBXBuildFile; fileRef = 6D07F8611C308D47009A77ED /* objviewer.cpp */; };
		6D07F8691C3194E0009A77ED /* imgui_demo.o in Frameworks */ = {isa = PBXBuildFile; fileRef = 6D07F8661C3194E0009A77ED /* imgui_demo.o */; };
		6D07F86A1C3194E0009A77ED /* imgui_draw.o in Frameworks */ = {isa = PBXBuildFile; fileRef = 6D07F8671C3194E0009A77ED /* imgui_draw.o */; };
		6D07F86B1C3194E0009A77ED /* imgui.o in Frameworks */ = {isa = PBXBuildFile; fileRef = 6D07F8681C3194E0009A77ED /* imgui.o */; };
		6D07F86D1C31951A009A77ED /* gl3w.o in Frameworks */ = {isa = PBXBuildFile; fileRef = 6D07F86C1C31951A009A77ED /* gl3w.o */; };
		6D07F86F1C319566009A77ED /* OpenGL.framework in Frameworks */ = {isa = PBXBuildFile; fileRef = 6D07F86E1C319566009A77ED /* OpenGL.framework */; };
		6D07F8711C31956B009A77ED /* Cocoa.framework in Frameworks */ = {isa = PBXBuildFile; fileRef = 6D07F8701C31956B009A77ED /* Cocoa.framework */; };
		6D07F8731C319571009A77ED /* IOKit.framework in Frameworks */ = {isa = PBXBuildFile; fileRef = 6D07F8721C319571009A77ED /* IOKit.framework */; };
		6D07F8751C31957B009A77ED /* CoreVideo.framework in Frameworks */ = {isa = PBXBuildFile; fileRef = 6D07F8741C31957B009A77ED /* CoreVideo.framework */; };
		6DA9E69A1C3071FC0001358A /* example_bbox.cpp in Sources */ = {isa = PBXBuildFile; fileRef = 6DA9E68C1C3071B20001358A /* example_bbox.cpp */; };
/* End PBXBuildFile section */

/* Begin PBXCopyFilesBuildPhase section */
		6D07F8541C308BE5009A77ED /* CopyFiles */ = {
			isa = PBXCopyFilesBuildPhase;
			buildActionMask = 2147483647;
			dstPath = /usr/share/man/man1/;
			dstSubfolderSpec = 0;
			files = (
			);
			runOnlyForDeploymentPostprocessing = 1;
		};
		6DA9E6801C30712A0001358A /* CopyFiles */ = {
			isa = PBXCopyFilesBuildPhase;
			buildActionMask = 2147483647;
			dstPath = /usr/share/man/man1/;
			dstSubfolderSpec = 0;
			files = (
			);
			runOnlyForDeploymentPostprocessing = 1;
		};
		6DA9E6911C3071EC0001358A /* CopyFiles */ = {
			isa = PBXCopyFilesBuildPhase;
			buildActionMask = 2147483647;
			dstPath = /usr/share/man/man1/;
			dstSubfolderSpec = 0;
			files = (
			);
			runOnlyForDeploymentPostprocessing = 1;
		};
/* End PBXCopyFilesBuildPhase section */

/* Begin PBXFileReference section */
		6D07F8561C308BE5009A77ED /* objviewer */ = {isa = PBXFileReference; explicitFileType = "compiled.mach-o.executable"; includeInIndex = 0; path = objviewer; sourceTree = BUILT_PRODUCTS_DIR; };
		6D07F85F1C308D47009A77ED /* imgui_impl_glfw_gl3.cpp */ = {isa = PBXFileReference; fileEncoding = 4; lastKnownFileType = sourcecode.cpp.cpp; path = imgui_impl_glfw_gl3.cpp; sourceTree = "<group>"; };
		6D07F8601C308D47009A77ED /* imgui_impl_glfw_gl3.h */ = {isa = PBXFileReference; fileEncoding = 4; lastKnownFileType = sourcecode.c.h; path = imgui_impl_glfw_gl3.h; sourceTree = "<group>"; };
		6D07F8611C308D47009A77ED /* objviewer.cpp */ = {isa = PBXFileReference; fileEncoding = 4; lastKnownFileType = sourcecode.cpp.cpp; path = objviewer.cpp; sourceTree = "<group>"; };
		6D07F8661C3194E0009A77ED /* imgui_demo.o */ = {isa = PBXFileReference; lastKnownFileType = "compiled.mach-o.objfile"; name = imgui_demo.o; path = ../../../Toolkits/imgui/imgui_demo.o; sourceTree = "<group>"; };
		6D07F8671C3194E0009A77ED /* imgui_draw.o */ = {isa = PBXFileReference; lastKnownFileType = "compiled.mach-o.objfile"; name = imgui_draw.o; path = ../../../Toolkits/imgui/imgui_draw.o; sourceTree = "<group>"; };
		6D07F8681C3194E0009A77ED /* imgui.o */ = {isa = PBXFileReference; lastKnownFileType = "compiled.mach-o.objfile"; name = imgui.o; path = ../../../Toolkits/imgui/imgui.o; sourceTree = "<group>"; };
		6D07F86C1C31951A009A77ED /* gl3w.o */ = {isa = PBXFileReference; lastKnownFileType = "compiled.mach-o.objfile"; name = gl3w.o; path = ../../../Toolkits/imgui/examples/libs/gl3w/GL/gl3w.o; sourceTree = "<group>"; };
		6D07F86E1C319566009A77ED /* OpenGL.framework */ = {isa = PBXFileReference; lastKnownFileType = wrapper.framework; name = OpenGL.framework; path = System/Library/Frameworks/OpenGL.framework; sourceTree = SDKROOT; };
		6D07F8701C31956B009A77ED /* Cocoa.framework */ = {isa = PBXFileReference; lastKnownFileType = wrapper.framework; name = Cocoa.framework; path = System/Library/Frameworks/Cocoa.framework; sourceTree = SDKROOT; };
		6D07F8721C319571009A77ED /* IOKit.framework */ = {isa = PBXFileReference; lastKnownFileType = wrapper.framework; name = IOKit.framework; path = System/Library/Frameworks/IOKit.framework; sourceTree = SDKROOT; };
		6D07F8741C31957B009A77ED /* CoreVideo.framework */ = {isa = PBXFileReference; lastKnownFileType = wrapper.framework; name = CoreVideo.framework; path = System/Library/Frameworks/CoreVideo.framework; sourceTree = SDKROOT; };
		6DA9E6821C30712A0001358A /* tk_objfile */ = {isa = PBXFileReference; explicitFileType = "compiled.mach-o.executable"; includeInIndex = 0; path = tk_objfile; sourceTree = BUILT_PRODUCTS_DIR; };
		6DA9E68C1C3071B20001358A /* example_bbox.cpp */ = {isa = PBXFileReference; fileEncoding = 4; lastKnownFileType = sourcecode.cpp.cpp; name = example_bbox.cpp; path = examples/example_bbox.cpp; sourceTree = SOURCE_ROOT; };
		6DA9E68E1C3071BE0001358A /* tk_objfile.h */ = {isa = PBXFileReference; fileEncoding = 4; lastKnownFileType = sourcecode.c.h; path = tk_objfile.h; sourceTree = "<group>"; };
		6DA9E6931C3071EC0001358A /* example_bbox */ = {isa = PBXFileReference; explicitFileType = "compiled.mach-o.executable"; includeInIndex = 0; path = example_bbox; sourceTree = BUILT_PRODUCTS_DIR; };
/* End PBXFileReference section */

/* Begin PBXFrameworksBuildPhase section */
		6D07F8531C308BE5009A77ED /* Frameworks */ = {
			isa = PBXFrameworksBuildPhase;
			buildActionMask = 2147483647;
			files = (
				6D07F8751C31957B009A77ED /* CoreVideo.framework in Frameworks */,
				6D07F8731C319571009A77ED /* IOKit.framework in Frameworks */,
				6D07F8711C31956B009A77ED /* Cocoa.framework in Frameworks */,
				6D07F86F1C319566009A77ED /* OpenGL.framework in Frameworks */,
				6D07F86D1C31951A009A77ED /* gl3w.o in Frameworks */,
				6D07F86B1C3194E0009A77ED /* imgui.o in Frameworks */,
				6D07F8691C3194E0009A77ED /* imgui_demo.o in Frameworks */,
				6D07F86A1C3194E0009A77ED /* imgui_draw.o in Frameworks */,
			);
			runOnlyForDeploymentPostprocessing = 0;
		};
		6DA9E67F1C30712A0001358A /* Frameworks */ = {
			isa = PBXFrameworksBuildPhase;
			buildActionMask = 2147483647;
			files = (
			);
			runOnlyForDeploymentPostprocessing = 0;
		};
		6DA9E6901C3071EC0001358A /* Frameworks */ = {
			isa = PBXFrameworksBuildPhase;
			buildActionMask = 2147483647;
			files = (
			);
			runOnlyForDeploymentPostprocessing = 0;
		};
/* End PBXFrameworksBuildPhase section */

/* Begin PBXGroup section */
		6D07F8571C308BE5009A77ED /* objviewer */ = {
			isa = PBXGroup;
			children = (
				6D07F8761C31A447009A77ED /* frameworks */,
				6D07F8651C319145009A77ED /* imgui */,
				6D07F85F1C308D47009A77ED /* imgui_impl_glfw_gl3.cpp */,
				6D07F8601C308D47009A77ED /* imgui_impl_glfw_gl3.h */,
				6D07F8611C308D47009A77ED /* objviewer.cpp */,
			);
			path = objviewer;
			sourceTree = "<group>";
		};
		6D07F8651C319145009A77ED /* imgui */ = {
			isa = PBXGroup;
			children = (
				6D07F86C1C31951A009A77ED /* gl3w.o */,
				6D07F8661C3194E0009A77ED /* imgui_demo.o */,
				6D07F8671C3194E0009A77ED /* imgui_draw.o */,
				6D07F8681C3194E0009A77ED /* imgui.o */,
			);
			name = imgui;
			sourceTree = "<group>";
		};
		6D07F8761C31A447009A77ED /* frameworks */ = {
			isa = PBXGroup;
			children = (
				6D07F8741C31957B009A77ED /* CoreVideo.framework */,
				6D07F8721C319571009A77ED /* IOKit.framework */,
				6D07F8701C31956B009A77ED /* Cocoa.framework */,
				6D07F86E1C319566009A77ED /* OpenGL.framework */,
			);
			name = frameworks;
			sourceTree = "<group>";
		};
		6DA9E6791C30712A0001358A = {
			isa = PBXGroup;
			children = (
				6DA9E68E1C3071BE0001358A /* tk_objfile.h */,
				6DA9E6841C30712A0001358A /* examples */,
				6D07F8571C308BE5009A77ED /* objviewer */,
				6DA9E6831C30712A0001358A /* Products */,
			);
			sourceTree = "<group>";
		};
		6DA9E6831C30712A0001358A /* Products */ = {
			isa = PBXGroup;
			children = (
				6DA9E6821C30712A0001358A /* tk_objfile */,
				6DA9E6931C3071EC0001358A /* example_bbox */,
				6D07F8561C308BE5009A77ED /* objviewer */,
			);
			name = Products;
			sourceTree = "<group>";
		};
		6DA9E6841C30712A0001358A /* examples */ = {
			isa = PBXGroup;
			children = (
				6DA9E68C1C3071B20001358A /* example_bbox.cpp */,
			);
			name = examples;
			path = tk_objfile;
			sourceTree = "<group>";
		};
/* End PBXGroup section */

/* Begin PBXNativeTarget section */
		6D07F8551C308BE5009A77ED /* objviewer */ = {
			isa = PBXNativeTarget;
			buildConfigurationList = 6D07F85C1C308BE5009A77ED /* Build configuration list for PBXNativeTarget "objviewer" */;
			buildPhases = (
				6D07F8521C308BE5009A77ED /* Sources */,
				6D07F8531C308BE5009A77ED /* Frameworks */,
				6D07F8541C308BE5009A77ED /* CopyFiles */,
			);
			buildRules = (
			);
			dependencies = (
			);
			name = objviewer;
			productName = objviewer;
			productReference = 6D07F8561C308BE5009A77ED /* objviewer */;
			productType = "com.apple.product-type.tool";
		};
		6DA9E6811C30712A0001358A /* tk_objfile */ = {
			isa = PBXNativeTarget;
			buildConfigurationList = 6DA9E6891C30712A0001358A /* Build configuration list for PBXNativeTarget "tk_objfile" */;
			buildPhases = (
				6DA9E67E1C30712A0001358A /* Sources */,
				6DA9E67F1C30712A0001358A /* Frameworks */,
				6DA9E6801C30712A0001358A /* CopyFiles */,
			);
			buildRules = (
			);
			dependencies = (
			);
			name = tk_objfile;
			productName = tk_objfile;
			productReference = 6DA9E6821C30712A0001358A /* tk_objfile */;
			productType = "com.apple.product-type.tool";
		};
		6DA9E6921C3071EC0001358A /* example_bbox */ = {
			isa = PBXNativeTarget;
			buildConfigurationList = 6DA9E6971C3071EC0001358A /* Build configuration list for PBXNativeTarget "example_bbox" */;
			buildPhases = (
				6DA9E68F1C3071EC0001358A /* Sources */,
				6DA9E6901C3071EC0001358A /* Frameworks */,
				6DA9E6911C3071EC0001358A /* CopyFiles */,
			);
			buildRules = (
			);
			dependencies = (
			);
			name = example_bbox;
			productName = example_bbox;
			productReference = 6DA9E6931C3071EC0001358A /* example_bbox */;
			productType = "com.apple.product-type.tool";
		};
/* End PBXNativeTarget section */

/* Begin PBXProject section */
		6DA9E67A1C30712A0001358A /* Project object */ = {
			isa = PBXProject;
			attributes = {
				LastUpgradeCheck = 0720;
				ORGANIZATIONNAME = "Joel Davis";
				TargetAttributes = {
					6D07F8551C308BE5009A77ED = {
						CreatedOnToolsVersion = 7.2;
					};
					6DA9E6811C30712A0001358A = {
						CreatedOnToolsVersion = 7.2;
					};
					6DA9E6921C3071EC0001358A = {
						CreatedOnToolsVersion = 7.2;
					};
				};
			};
			buildConfigurationList = 6DA9E67D1C30712A0001358A /* Build configuration list for PBXProject "tk_objfile" */;
			compatibilityVersion = "Xcode 3.2";
			developmentRegion = English;
			hasScannedForEncodings = 0;
			knownRegions = (
				en,
			);
			mainGroup = 6DA9E6791C30712A0001358A;
			productRefGroup = 6DA9E6831C30712A0001358A /* Products */;
			projectDirPath = "";
			projectRoot = "";
			targets = (
				6DA9E6811C30712A0001358A /* tk_objfile */,
				6DA9E6921C3071EC0001358A /* example_bbox */,
				6D07F8551C308BE5009A77ED /* objviewer */,
			);
		};
/* End PBXProject section */

/* Begin PBXSourcesBuildPhase section */
		6D07F8521C308BE5009A77ED /* Sources */ = {
			isa = PBXSourcesBuildPhase;
			buildActionMask = 2147483647;
			files = (
				6D07F8621C308D47009A77ED /* imgui_impl_glfw_gl3.cpp in Sources */,
				6D07F8631C308D47009A77ED /* objviewer.cpp in Sources */,
			);
			runOnlyForDeploymentPostprocessing = 0;
		};
		6DA9E67E1C30712A0001358A /* Sources */ = {
			isa = PBXSourcesBuildPhase;
			buildActionMask = 2147483647;
			files = (
			);
			runOnlyForDeploymentPostprocessing = 0;
		};
		6DA9E68F1C3071EC0001358A /* Sources */ = {
			isa = PBXSourcesBuildPhase;
			buildActionMask = 2147483647;
			files = (
				6DA9E69A1C3071FC0001358A /* example_bbox.cpp in Sources */,
			);
			runOnlyForDeploymentPostprocessing = 0;
		};
/* End PBXSourcesBuildPhase section */

/* Begin XCBuildConfiguration section */
		6D07F85A1C308BE5009A77ED /* Debug */ = {
			isa = XCBuildConfiguration;
			buildSettings = {
				FRAMEWORK_SEARCH_PATHS = "";
				HEADER_SEARCH_PATHS = (
					"${HOME}/Toolkits/imgui",
					"${HOME}/Toolkits/imgui/examples/libs/gl3w/",
					"${HOME}/Toolkits/imgui/examples/libs/glfw/include",
					"${HOME}/Toolkits/stb",
				);
				LIBRARY_SEARCH_PATHS = /usr/local/lib;
				OTHER_LDFLAGS = "-lglfw3";
				PRODUCT_NAME = "$(TARGET_NAME)";
			};
			name = Debug;
		};
		6D07F85B1C308BE5009A77ED /* Release */ = {
			isa = XCBuildConfiguration;
			buildSettings = {
				FRAMEWORK_SEARCH_PATHS = "";
				HEADER_SEARCH_PATHS = (
					"${HOME}/Toolkits/imgui",
					"${HOME}/Toolkits/imgui/examples/libs/gl3w/",
					"${HOME}/Toolkits/imgui/examples/libs/glfw/include",
					"${HOME}/Toolkits/stb",
				);
				LIBRARY_SEARCH_PATHS = /usr/local/lib;
				OTHER_LDFLAGS = "-lglfw3";
				PRODUCT_NAME = "$(TARGET_NAME)";
			};
			name = Release;
		};
		6DA9E6871C30712A0001358A /* Debug */ = {
			isa = XCBuildConfiguration;
			buildSettings = {
				ALWAYS_SEARCH_USER_PATHS = NO;
				CLANG_CXX_LANGUAGE_STANDARD = "gnu++0x";
				CLANG_CXX_LIBRARY = "libc++";
				CLANG_ENABLE_MODULES = YES;
				CLANG_ENABLE_OBJC_ARC = YES;
				CLANG_WARN_BOOL_CONVERSION = YES;
				CLANG_WARN_CONSTANT_CONVERSION = YES;
				CLANG_WARN_DIRECT_OBJC_ISA_USAGE = YES_ERROR;
				CLANG_WARN_EMPTY_BODY = YES;
				CLANG_WARN_ENUM_CONVERSION = YES;
				CLANG_WARN_INT_CONVERSION = YES;
				CLANG_WARN_OBJC_ROOT_CLASS = YES_ERROR;
				CLANG_WARN_UNREACHABLE_CODE = YES;
				CLANG_WARN__DUPLICATE_METHOD_MATCH = YES;
				CODE_SIGN_IDENTITY = "-";
				COPY_PHASE_STRIP = NO;
				DEBUG_INFORMATION_FORMAT = dwarf;
				ENABLE_STRICT_OBJC_MSGSEND = YES;
				ENABLE_TESTABILITY = YES;
				GCC_C_LANGUAGE_STANDARD = gnu99;
				GCC_DYNAMIC_NO_PIC = NO;
				GCC_NO_COMMON_BLOCKS = YES;
				GCC_OPTIMIZATION_LEVEL = 0;
				GCC_PREPROCESSOR_DEFINITIONS = (
					"DEBUG=1",
					"$(inherited)",
				);
				GCC_WARN_64_TO_32_BIT_CONVERSION = YES;
				GCC_WARN_ABOUT_RETURN_TYPE = YES_ERROR;
				GCC_WARN_UNDECLARED_SELECTOR = YES;
				GCC_WARN_UNINITIALIZED_AUTOS = YES_AGGRESSIVE;
				GCC_WARN_UNUSED_FUNCTION = YES;
				GCC_WARN_UNUSED_VARIABLE = YES;
				MACOSX_DEPLOYMENT_TARGET = 10.10;
				MTL_ENABLE_DEBUG_INFO = YES;
				ONLY_ACTIVE_ARCH = YES;
				SDKROOT = macosx;
			};
			name = Debug;
		};
		6DA9E6881C30712A0001358A /* Release */ = {
			isa = XCBuildConfiguration;
			buildSettings = {
				ALWAYS_SEARCH_USER_PATHS = NO;
				CLANG_CXX_LANGUAGE_STANDARD = "gnu++0x";
				CLANG_CXX_LIBRARY = "libc++";
				CLANG_ENABLE_MODULES = YES;
				CLANG_ENABLE_OBJC_ARC = YES;
				CLANG_WARN_BOOL_CONVERSION = YES;
				CLANG_WARN_CONSTANT_CONVERSION = YES;
				CLANG_WARN_DIRECT_OBJC_ISA_USAGE = YES_ERROR;
				CLANG_WARN_EMPTY_BODY = YES;
				CLANG_WARN_ENUM_CONVERSION = YES;
				CLANG_WARN_INT_CONVERSION = YES;
				CLANG_WARN_OBJC_ROOT_CLASS = YES_ERROR;
				CLANG_WARN_UNREACHABLE_CODE = YES;
				CLANG_WARN__DUPLICATE_METHOD_MATCH = YES;
				CODE_SIGN_IDENTITY = "-";
				COPY_PHASE_STRIP = NO;
				DEBUG_INFORMATION_FORMAT = "dwarf-with-dsym";
				ENABLE_NS_ASSERTIONS = NO;
				ENABLE_STRICT_OBJC_MSGSEND = YES;
				GCC_C_LANGUAGE_STANDARD = gnu99;
				GCC_NO_COMMON_BLOCKS = YES;
				GCC_WARN_64_TO_32_BIT_CONVERSION = YES;
				GCC_WARN_ABOUT_RETURN_TYPE = YES_ERROR;
				GCC_WARN_UNDECLARED_SELECTOR = YES;
				GCC_WARN_UNINITIALIZED_AUTOS = YES_AGGRESSIVE;
				GCC_WARN_UNUSED_FUNCTION = YES;
				GCC_WARN_UNUSED_VARIABLE = YES;
				MACOSX_DEPLOYMENT_TARGET = 10.10;
				MTL_ENABLE_DEBUG_INFO = NO;
				SDKROOT = macosx;
			};
			name = Release;
		};
		6DA9E68A1C30712A0001358A /* Debug */ = {
			isa = XCBuildConfiguration;
			buildSettings = {
				PRODUCT_NAME = "$(TARGET_NAME)";
			};
			name = Debug;
		};
		6DA9E68B1C30712A0001358A /* Release */ = {
			isa = XCBuildConfiguration;
			buildSettings = {
				PRODUCT_NAME = "$(TARGET_NAME)";
			};
			name = Release;
		};
		6DA9E6981C3071EC0001358A /* Debug */ = {
			isa = XCBuildConfiguration;
			buildSettings = {
				PRODUCT_NAME = "$(TARGET_NAME)";
			};
			name = Debug;
		};
		6DA9E6991C3071EC0001358A /* Release */ = {
			isa = XCBuildConfiguration;
			buildSettings = {
				PRODUCT_NAME = "$(TARGET_NAME)";
			};
			name = Release;
		};
/* End XCBuildConfiguration section */

/* Begin XCConfigurationList section */
		6D07F85C1C308BE5009A77ED /* Build configuration list for PBXNativeTarget "objviewer" */ = {
			isa = XCConfigurationList;
			buildConfigurations = (
				6D07F85A1C308BE5009A77ED /* Debug */,
				6D07F85B1C308BE5009A77ED /* Release */,
			);
			defaultConfigurationIsVisible = 0;
			defaultConfigurationName = Release;
		};
		6DA9E67D1C30712A0001358A /* Build configuration list for PBXProject "tk_objfile" */ = {
			isa = XCConfigurationList;
			buildConfigurations = (
				6DA9E6871C30712A0001358A /* Debug */,
				6DA9E6881C30712A0001358A /* Release */,
			);
			defaultConfigurationIsVisible = 0;
			defaultConfigurationName = Release;
		};
		6DA9E6891C30712A0001358A /* Build configuration list for PBXNativeTarget "tk_objfile" */ = {
			isa = XCConfigurationList;
			buildConfigurations = (
				6DA9E68A1C30712A0001358A /* Debug */,
				6DA9E68B1C30712A0001358A /* Release */,
			);
			defaultConfigurationIsVisible = 0;
			defaultConfigurationName = Release;
		};
		6DA9E6971C3071EC0001358A /* Build configuration list for PBXNativeTarget "example_bbox" */ = {
			isa = XCConfigurationList;
			buildConfigurations = (
				6DA9E6981C3071EC0001358A /* Debug */,
				6DA9E6991C3071EC0001358A /* Release */,
			);
			defaultConfigurationIsVisible = 0;
			defaultConfigurationName = Release;
		};
/* End XCConfigurationList section */
	};
	rootObject = 6DA9E67A1C30712A0001358A /* Project object */;
}
